<?xml version="1.0" encoding="utf-8"?>
<Project ToolsVersion="4.0" xmlns="http://schemas.microsoft.com/developer/msbuild/2003">
  <ItemGroup>
    <Filter Include="Source Files">
      <UniqueIdentifier>{4FC737F1-C7A5-4376-A066-2A32D752A2FF}</UniqueIdentifier>
      <Extensions>cpp;c;cc;cxx;def;odl;idl;hpj;bat;asm;asmx</Extensions>
    </Filter>
    <Filter Include="Header Files">
      <UniqueIdentifier>{93995380-89BD-4b04-88EB-625FBE52EBFB}</UniqueIdentifier>
      <Extensions>h;hh;hpp;hxx;hm;inl;inc;xsd</Extensions>
    </Filter>
    <Filter Include="Resource Files">
      <UniqueIdentifier>{67DA6AB6-F800-4c08-8B7A-83BB121AAD01}</UniqueIdentifier>
      <Extensions>rc;ico;cur;bmp;dlg;rc2;rct;bin;rgs;gif;jpg;jpeg;jpe;resx;tiff;tif;png;wav;mfcribbon-ms</Extensions>
    </Filter>
    <Filter Include="Header Files\Damage">
      <UniqueIdentifier>{42b6a968-272f-4001-99dc-68aee63937e6}</UniqueIdentifier>
    </Filter>
    <Filter Include="Source Files\Damage">
      <UniqueIdentifier>{cd817266-fa6b-4b49-a58b-dbc5ec023bf2}</UniqueIdentifier>
    </Filter>
    <Filter Include="Header Files\Damage\Manipulator">
      <UniqueIdentifier>{4eaaeb84-632a-48e7-a9c6-ef28fe3ddc22}</UniqueIdentifier>
    </Filter>
    <Filter Include="Source Files\Damage\Manipulator">
      <UniqueIdentifier>{9a885c62-d8b1-49c8-b62c-f6efd0ea1e25}</UniqueIdentifier>
    </Filter>
    <Filter Include="Header Files\Damage\DamageType">
      <UniqueIdentifier>{6dd3879a-6059-44de-9bfd-d688eee60f58}</UniqueIdentifier>
    </Filter>
    <Filter Include="Source Files\Damage\DamageType">
      <UniqueIdentifier>{4399e165-c0c4-4e21-97e2-41c6c8f3cfb8}</UniqueIdentifier>
    </Filter>
  </ItemGroup>
  <ItemGroup>
    <ClInclude Include="Damage.h">
      <Filter>Header Files\Damage</Filter>
    </ClInclude>
    <ClInclude Include="DamageManipulator.h">
      <Filter>Header Files\Damage\Manipulator</Filter>
    </ClInclude>
    <ClInclude Include="DamageType.h">
      <Filter>Header Files\Damage\DamageType</Filter>
    </ClInclude>
    <ClInclude Include="DamageManipulatorMethods.h">
      <Filter>Header Files\Damage\Manipulator</Filter>
    </ClInclude>
  </ItemGroup>
  <ItemGroup>
    <ClCompile Include="Damage.cpp">
      <Filter>Source Files\Damage</Filter>
    </ClCompile>
    <ClCompile Include="DamageManipulator.cpp">
      <Filter>Source Files\Damage\Manipulator</Filter>
    </ClCompile>
    <ClCompile Include="DamageType.cpp">
      <Filter>Source Files\Damage\DamageType</Filter>
    </ClCompile>
    <ClCompile Include="DamageManipulatorMethods.cpp">
      <Filter>Source Files\Damage\Manipulator</Filter>
    </ClCompile>
  </ItemGroup>
</Project>